// !$*UTF8*$!
{
	archiveVersion = 1;
	classes = {
	};
	objectVersion = 46;
	objects = {

/* Begin PBXBuildFile section */
		5AAF8B071E61C9C600F32ACF /* AppDelegate.swift in Sources */ = {isa = PBXBuildFile; fileRef = 5AAF8B061E61C9C600F32ACF /* AppDelegate.swift */; };
		5AAF8B091E61C9C600F32ACF /* ViewController.swift in Sources */ = {isa = PBXBuildFile; fileRef = 5AAF8B081E61C9C600F32ACF /* ViewController.swift */; };
		5AAF8B0C1E61C9C600F32ACF /* Main.storyboard in Resources */ = {isa = PBXBuildFile; fileRef = 5AAF8B0A1E61C9C600F32ACF /* Main.storyboard */; };
		5AAF8B0E1E61C9C600F32ACF /* Assets.xcassets in Resources */ = {isa = PBXBuildFile; fileRef = 5AAF8B0D1E61C9C600F32ACF /* Assets.xcassets */; };
		5AAF8B111E61C9C600F32ACF /* LaunchScreen.storyboard in Resources */ = {isa = PBXBuildFile; fileRef = 5AAF8B0F1E61C9C600F32ACF /* LaunchScreen.storyboard */; };
		5AAF8B381E61C9D800F32ACF /* BullsEye.html in Resources */ = {isa = PBXBuildFile; fileRef = 5AAF8B191E61C9D800F32ACF /* BullsEye.html */; };
		5AAF8B391E61C9D800F32ACF /* Icon-1024.png in Resources */ = {isa = PBXBuildFile; fileRef = 5AAF8B1B1E61C9D800F32ACF /* Icon-1024.png */; };
		5AAF8B3A1E61C9D800F32ACF /* Icon-120.png in Resources */ = {isa = PBXBuildFile; fileRef = 5AAF8B1C1E61C9D800F32ACF /* Icon-120.png */; };
		5AAF8B3B1E61C9D800F32ACF /* Icon-152.png in Resources */ = {isa = PBXBuildFile; fileRef = 5AAF8B1D1E61C9D800F32ACF /* Icon-152.png */; };
		5AAF8B3C1E61C9D800F32ACF /* Icon-167.png in Resources */ = {isa = PBXBuildFile; fileRef = 5AAF8B1E1E61C9D800F32ACF /* Icon-167.png */; };
		5AAF8B3D1E61C9D800F32ACF /* Icon-180.png in Resources */ = {isa = PBXBuildFile; fileRef = 5AAF8B1F1E61C9D800F32ACF /* Icon-180.png */; };
		5AAF8B3E1E61C9D800F32ACF /* Icon-20.png in Resources */ = {isa = PBXBuildFile; fileRef = 5AAF8B201E61C9D800F32ACF /* Icon-20.png */; };
		5AAF8B3F1E61C9D800F32ACF /* Icon-29.png in Resources */ = {isa = PBXBuildFile; fileRef = 5AAF8B211E61C9D800F32ACF /* Icon-29.png */; };
		5AAF8B401E61C9D800F32ACF /* Icon-40.png in Resources */ = {isa = PBXBuildFile; fileRef = 5AAF8B221E61C9D800F32ACF /* Icon-40.png */; };
		5AAF8B411E61C9D800F32ACF /* Icon-58.png in Resources */ = {isa = PBXBuildFile; fileRef = 5AAF8B231E61C9D800F32ACF /* Icon-58.png */; };
		5AAF8B421E61C9D800F32ACF /* Icon-60.png in Resources */ = {isa = PBXBuildFile; fileRef = 5AAF8B241E61C9D800F32ACF /* Icon-60.png */; };
		5AAF8B431E61C9D800F32ACF /* Icon-76.png in Resources */ = {isa = PBXBuildFile; fileRef = 5AAF8B251E61C9D800F32ACF /* Icon-76.png */; };
		5AAF8B441E61C9D800F32ACF /* Icon-80.png in Resources */ = {isa = PBXBuildFile; fileRef = 5AAF8B261E61C9D800F32ACF /* Icon-80.png */; };
		5AAF8B451E61C9D800F32ACF /* Icon-87.png in Resources */ = {isa = PBXBuildFile; fileRef = 5AAF8B271E61C9D800F32ACF /* Icon-87.png */; };
		5AAF8B461E61C9D800F32ACF /* Background@2x.png in Resources */ = {isa = PBXBuildFile; fileRef = 5AAF8B291E61C9D800F32ACF /* Background@2x.png */; };
		5AAF8B471E61C9D800F32ACF /* Button-Highlighted@2x.png in Resources */ = {isa = PBXBuildFile; fileRef = 5AAF8B2A1E61C9D800F32ACF /* Button-Highlighted@2x.png */; };
		5AAF8B481E61C9D800F32ACF /* Button-Normal@2x.png in Resources */ = {isa = PBXBuildFile; fileRef = 5AAF8B2B1E61C9D800F32ACF /* Button-Normal@2x.png */; };
		5AAF8B491E61C9D800F32ACF /* InfoButton@2x.png in Resources */ = {isa = PBXBuildFile; fileRef = 5AAF8B2C1E61C9D800F32ACF /* InfoButton@2x.png */; };
		5AAF8B4A1E61C9D800F32ACF /* SliderThumb-Highlighted@2x.png in Resources */ = {isa = PBXBuildFile; fileRef = 5AAF8B2D1E61C9D800F32ACF /* SliderThumb-Highlighted@2x.png */; };
		5AAF8B4B1E61C9D800F32ACF /* SliderThumb-Normal@2x.png in Resources */ = {isa = PBXBuildFile; fileRef = 5AAF8B2E1E61C9D800F32ACF /* SliderThumb-Normal@2x.png */; };
		5AAF8B4C1E61C9D800F32ACF /* SliderTrackLeft@2x.png in Resources */ = {isa = PBXBuildFile; fileRef = 5AAF8B2F1E61C9D800F32ACF /* SliderTrackLeft@2x.png */; };
		5AAF8B4D1E61C9D800F32ACF /* SliderTrackRight@2x.png in Resources */ = {isa = PBXBuildFile; fileRef = 5AAF8B301E61C9D800F32ACF /* SliderTrackRight@2x.png */; };
		5AAF8B4E1E61C9D800F32ACF /* SmallButton@2x.png in Resources */ = {isa = PBXBuildFile; fileRef = 5AAF8B311E61C9D800F32ACF /* SmallButton@2x.png */; };
		5AAF8B4F1E61C9D800F32ACF /* StartOverIcon@2x.png in Resources */ = {isa = PBXBuildFile; fileRef = 5AAF8B321E61C9D800F32ACF /* StartOverIcon@2x.png */; };
		5AAF8B501E61C9D800F32ACF /* Default-568h@2x.png in Resources */ = {isa = PBXBuildFile; fileRef = 5AAF8B341E61C9D800F32ACF /* Default-568h@2x.png */; };
		5AAF8B511E61C9D800F32ACF /* BullsEye.psd in Resources */ = {isa = PBXBuildFile; fileRef = 5AAF8B361E61C9D800F32ACF /* BullsEye.psd */; };
		5AAF8B521E61C9D800F32ACF /* Icon.psd in Resources */ = {isa = PBXBuildFile; fileRef = 5AAF8B371E61C9D800F32ACF /* Icon.psd */; };
/* End PBXBuildFile section */

/* Begin PBXFileReference section */
		5AAF8B031E61C9C600F32ACF /* BullsEye.app */ = {isa = PBXFileReference; explicitFileType = wrapper.application; includeInIndex = 0; path = BullsEye.app; sourceTree = BUILT_PRODUCTS_DIR; };
		5AAF8B061E61C9C600F32ACF /* AppDelegate.swift */ = {isa = PBXFileReference; lastKnownFileType = sourcecode.swift; path = AppDelegate.swift; sourceTree = "<group>"; };
		5AAF8B081E61C9C600F32ACF /* ViewController.swift */ = {isa = PBXFileReference; lastKnownFileType = sourcecode.swift; path = ViewController.swift; sourceTree = "<group>"; };
		5AAF8B0B1E61C9C600F32ACF /* Base */ = {isa = PBXFileReference; lastKnownFileType = file.storyboard; name = Base; path = Base.lproj/Main.storyboard; sourceTree = "<group>"; };
		5AAF8B0D1E61C9C600F32ACF /* Assets.xcassets */ = {isa = PBXFileReference; lastKnownFileType = folder.assetcatalog; path = Assets.xcassets; sourceTree = "<group>"; };
		5AAF8B101E61C9C600F32ACF /* Base */ = {isa = PBXFileReference; lastKnownFileType = file.storyboard; name = Base; path = Base.lproj/LaunchScreen.storyboard; sourceTree = "<group>"; };
		5AAF8B121E61C9C600F32ACF /* Info.plist */ = {isa = PBXFileReference; lastKnownFileType = text.plist.xml; path = Info.plist; sourceTree = "<group>"; };
		5AAF8B191E61C9D800F32ACF /* BullsEye.html */ = {isa = PBXFileReference; fileEncoding = 4; lastKnownFileType = text.html; path = BullsEye.html; sourceTree = "<group>"; };
		5AAF8B1B1E61C9D800F32ACF /* Icon-1024.png */ = {isa = PBXFileReference; lastKnownFileType = image.png; path = "Icon-1024.png"; sourceTree = "<group>"; };
		5AAF8B1C1E61C9D800F32ACF /* Icon-120.png */ = {isa = PBXFileReference; lastKnownFileType = image.png; path = "Icon-120.png"; sourceTree = "<group>"; };
		5AAF8B1D1E61C9D800F32ACF /* Icon-152.png */ = {isa = PBXFileReference; lastKnownFileType = image.png; path = "Icon-152.png"; sourceTree = "<group>"; };
		5AAF8B1E1E61C9D800F32ACF /* Icon-167.png */ = {isa = PBXFileReference; lastKnownFileType = image.png; path = "Icon-167.png"; sourceTree = "<group>"; };
		5AAF8B1F1E61C9D800F32ACF /* Icon-180.png */ = {isa = PBXFileReference; lastKnownFileType = image.png; path = "Icon-180.png"; sourceTree = "<group>"; };
		5AAF8B201E61C9D800F32ACF /* Icon-20.png */ = {isa = PBXFileReference; lastKnownFileType = image.png; path = "Icon-20.png"; sourceTree = "<group>"; };
		5AAF8B211E61C9D800F32ACF /* Icon-29.png */ = {isa = PBXFileReference; lastKnownFileType = image.png; path = "Icon-29.png"; sourceTree = "<group>"; };
		5AAF8B221E61C9D800F32ACF /* Icon-40.png */ = {isa = PBXFileReference; lastKnownFileType = image.png; path = "Icon-40.png"; sourceTree = "<group>"; };
		5AAF8B231E61C9D800F32ACF /* Icon-58.png */ = {isa = PBXFileReference; lastKnownFileType = image.png; path = "Icon-58.png"; sourceTree = "<group>"; };
		5AAF8B241E61C9D800F32ACF /* Icon-60.png */ = {isa = PBXFileReference; lastKnownFileType = image.png; path = "Icon-60.png"; sourceTree = "<group>"; };
		5AAF8B251E61C9D800F32ACF /* Icon-76.png */ = {isa = PBXFileReference; lastKnownFileType = image.png; path = "Icon-76.png"; sourceTree = "<group>"; };
		5AAF8B261E61C9D800F32ACF /* Icon-80.png */ = {isa = PBXFileReference; lastKnownFileType = image.png; path = "Icon-80.png"; sourceTree = "<group>"; };
		5AAF8B271E61C9D800F32ACF /* Icon-87.png */ = {isa = PBXFileReference; lastKnownFileType = image.png; path = "Icon-87.png"; sourceTree = "<group>"; };
		5AAF8B291E61C9D800F32ACF /* Background@2x.png */ = {isa = PBXFileReference; lastKnownFileType = image.png; path = "Background@2x.png"; sourceTree = "<group>"; };
		5AAF8B2A1E61C9D800F32ACF /* Button-Highlighted@2x.png */ = {isa = PBXFileReference; lastKnownFileType = image.png; path = "Button-Highlighted@2x.png"; sourceTree = "<group>"; };
		5AAF8B2B1E61C9D800F32ACF /* Button-Normal@2x.png */ = {isa = PBXFileReference; lastKnownFileType = image.png; path = "Button-Normal@2x.png"; sourceTree = "<group>"; };
		5AAF8B2C1E61C9D800F32ACF /* InfoButton@2x.png */ = {isa = PBXFileReference; lastKnownFileType = image.png; path = "InfoButton@2x.png"; sourceTree = "<group>"; };
		5AAF8B2D1E61C9D800F32ACF /* SliderThumb-Highlighted@2x.png */ = {isa = PBXFileReference; lastKnownFileType = image.png; path = "SliderThumb-Highlighted@2x.png"; sourceTree = "<group>"; };
		5AAF8B2E1E61C9D800F32ACF /* SliderThumb-Normal@2x.png */ = {isa = PBXFileReference; lastKnownFileType = image.png; path = "SliderThumb-Normal@2x.png"; sourceTree = "<group>"; };
		5AAF8B2F1E61C9D800F32ACF /* SliderTrackLeft@2x.png */ = {isa = PBXFileReference; lastKnownFileType = image.png; path = "SliderTrackLeft@2x.png"; sourceTree = "<group>"; };
		5AAF8B301E61C9D800F32ACF /* SliderTrackRight@2x.png */ = {isa = PBXFileReference; lastKnownFileType = image.png; path = "SliderTrackRight@2x.png"; sourceTree = "<group>"; };
		5AAF8B311E61C9D800F32ACF /* SmallButton@2x.png */ = {isa = PBXFileReference; lastKnownFileType = image.png; path = "SmallButton@2x.png"; sourceTree = "<group>"; };
		5AAF8B321E61C9D800F32ACF /* StartOverIcon@2x.png */ = {isa = PBXFileReference; lastKnownFileType = image.png; path = "StartOverIcon@2x.png"; sourceTree = "<group>"; };
		5AAF8B341E61C9D800F32ACF /* Default-568h@2x.png */ = {isa = PBXFileReference; lastKnownFileType = image.png; path = "Default-568h@2x.png"; sourceTree = "<group>"; };
		5AAF8B361E61C9D800F32ACF /* BullsEye.psd */ = {isa = PBXFileReference; lastKnownFileType = file; path = BullsEye.psd; sourceTree = "<group>"; };
		5AAF8B371E61C9D800F32ACF /* Icon.psd */ = {isa = PBXFileReference; lastKnownFileType = file; path = Icon.psd; sourceTree = "<group>"; };
/* End PBXFileReference section */

/* Begin PBXFrameworksBuildPhase section */
		5AAF8B001E61C9C500F32ACF /* Frameworks */ = {
			isa = PBXFrameworksBuildPhase;
			buildActionMask = 2147483647;
			files = (
			);
			runOnlyForDeploymentPostprocessing = 0;
		};
/* End PBXFrameworksBuildPhase section */

/* Begin PBXGroup section */
		5AAF8AFA1E61C9C500F32ACF = {
			isa = PBXGroup;
			children = (
				5AAF8B051E61C9C600F32ACF /* BullsEye */,
				5AAF8B041E61C9C600F32ACF /* Products */,
			);
			sourceTree = "<group>";
		};
		5AAF8B041E61C9C600F32ACF /* Products */ = {
			isa = PBXGroup;
			children = (
				5AAF8B031E61C9C600F32ACF /* BullsEye.app */,
			);
			name = Products;
			sourceTree = "<group>";
		};
		5AAF8B051E61C9C600F32ACF /* BullsEye */ = {
			isa = PBXGroup;
			children = (
				5AAF8B061E61C9C600F32ACF /* AppDelegate.swift */,
				5AAF8B181E61C9D800F32ACF /* Resources */,
				5AAF8B081E61C9C600F32ACF /* ViewController.swift */,
				5AAF8B0A1E61C9C600F32ACF /* Main.storyboard */,
				5AAF8B0D1E61C9C600F32ACF /* Assets.xcassets */,
				5AAF8B0F1E61C9C600F32ACF /* LaunchScreen.storyboard */,
				5AAF8B121E61C9C600F32ACF /* Info.plist */,
			);
			path = BullsEye;
			sourceTree = "<group>";
		};
		5AAF8B181E61C9D800F32ACF /* Resources */ = {
			isa = PBXGroup;
			children = (
				5AAF8B191E61C9D800F32ACF /* BullsEye.html */,
				5AAF8B1A1E61C9D800F32ACF /* Icon */,
				5AAF8B281E61C9D800F32ACF /* Images */,
				5AAF8B331E61C9D800F32ACF /* Launch Images */,
				5AAF8B351E61C9D800F32ACF /* Photoshop */,
			);
			path = Resources;
			sourceTree = "<group>";
		};
		5AAF8B1A1E61C9D800F32ACF /* Icon */ = {
			isa = PBXGroup;
			children = (
				5AAF8B1B1E61C9D800F32ACF /* Icon-1024.png */,
				5AAF8B1C1E61C9D800F32ACF /* Icon-120.png */,
				5AAF8B1D1E61C9D800F32ACF /* Icon-152.png */,
				5AAF8B1E1E61C9D800F32ACF /* Icon-167.png */,
				5AAF8B1F1E61C9D800F32ACF /* Icon-180.png */,
				5AAF8B201E61C9D800F32ACF /* Icon-20.png */,
				5AAF8B211E61C9D800F32ACF /* Icon-29.png */,
				5AAF8B221E61C9D800F32ACF /* Icon-40.png */,
				5AAF8B231E61C9D800F32ACF /* Icon-58.png */,
				5AAF8B241E61C9D800F32ACF /* Icon-60.png */,
				5AAF8B251E61C9D800F32ACF /* Icon-76.png */,
				5AAF8B261E61C9D800F32ACF /* Icon-80.png */,
				5AAF8B271E61C9D800F32ACF /* Icon-87.png */,
			);
			path = Icon;
			sourceTree = "<group>";
		};
		5AAF8B281E61C9D800F32ACF /* Images */ = {
			isa = PBXGroup;
			children = (
				5AAF8B291E61C9D800F32ACF /* Background@2x.png */,
				5AAF8B2A1E61C9D800F32ACF /* Button-Highlighted@2x.png */,
				5AAF8B2B1E61C9D800F32ACF /* Button-Normal@2x.png */,
				5AAF8B2C1E61C9D800F32ACF /* InfoButton@2x.png */,
				5AAF8B2D1E61C9D800F32ACF /* SliderThumb-Highlighted@2x.png */,
				5AAF8B2E1E61C9D800F32ACF /* SliderThumb-Normal@2x.png */,
				5AAF8B2F1E61C9D800F32ACF /* SliderTrackLeft@2x.png */,
				5AAF8B301E61C9D800F32ACF /* SliderTrackRight@2x.png */,
				5AAF8B311E61C9D800F32ACF /* SmallButton@2x.png */,
				5AAF8B321E61C9D800F32ACF /* StartOverIcon@2x.png */,
			);
			path = Images;
			sourceTree = "<group>";
		};
		5AAF8B331E61C9D800F32ACF /* Launch Images */ = {
			isa = PBXGroup;
			children = (
				5AAF8B341E61C9D800F32ACF /* Default-568h@2x.png */,
			);
			path = "Launch Images";
			sourceTree = "<group>";
		};
		5AAF8B351E61C9D800F32ACF /* Photoshop */ = {
			isa = PBXGroup;
			children = (
				5AAF8B361E61C9D800F32ACF /* BullsEye.psd */,
				5AAF8B371E61C9D800F32ACF /* Icon.psd */,
			);
			path = Photoshop;
			sourceTree = "<group>";
		};
/* End PBXGroup section */

/* Begin PBXNativeTarget section */
		5AAF8B021E61C9C500F32ACF /* BullsEye */ = {
			isa = PBXNativeTarget;
			buildConfigurationList = 5AAF8B151E61C9C600F32ACF /* Build configuration list for PBXNativeTarget "BullsEye" */;
			buildPhases = (
				5AAF8AFF1E61C9C500F32ACF /* Sources */,
				5AAF8B001E61C9C500F32ACF /* Frameworks */,
				5AAF8B011E61C9C500F32ACF /* Resources */,
			);
			buildRules = (
			);
			dependencies = (
			);
			name = BullsEye;
			productName = BullsEye;
			productReference = 5AAF8B031E61C9C600F32ACF /* BullsEye.app */;
			productType = "com.apple.product-type.application";
		};
/* End PBXNativeTarget section */

/* Begin PBXProject section */
		5AAF8AFB1E61C9C500F32ACF /* Project object */ = {
			isa = PBXProject;
			attributes = {
				LastSwiftUpdateCheck = 0820;
				LastUpgradeCheck = 0820;
				ORGANIZATIONNAME = noahpatterson;
				TargetAttributes = {
					5AAF8B021E61C9C500F32ACF = {
						CreatedOnToolsVersion = 8.2.1;
						DevelopmentTeam = L4U489Q2PR;
						ProvisioningStyle = Automatic;
					};
				};
			};
			buildConfigurationList = 5AAF8AFE1E61C9C500F32ACF /* Build configuration list for PBXProject "BullsEye" */;
			compatibilityVersion = "Xcode 3.2";
			developmentRegion = English;
			hasScannedForEncodings = 0;
			knownRegions = (
				en,
				Base,
			);
			mainGroup = 5AAF8AFA1E61C9C500F32ACF;
			productRefGroup = 5AAF8B041E61C9C600F32ACF /* Products */;
			projectDirPath = "";
			projectRoot = "";
			targets = (
				5AAF8B021E61C9C500F32ACF /* BullsEye */,
			);
		};
/* End PBXProject section */

/* Begin PBXResourcesBuildPhase section */
		5AAF8B011E61C9C500F32ACF /* Resources */ = {
			isa = PBXResourcesBuildPhase;
			buildActionMask = 2147483647;
			files = (
				5AAF8B4B1E61C9D800F32ACF /* SliderThumb-Normal@2x.png in Resources */,
				5AAF8B4F1E61C9D800F32ACF /* StartOverIcon@2x.png in Resources */,
				5AAF8B111E61C9C600F32ACF /* LaunchScreen.storyboard in Resources */,
				5AAF8B391E61C9D800F32ACF /* Icon-1024.png in Resources */,
				5AAF8B4D1E61C9D800F32ACF /* SliderTrackRight@2x.png in Resources */,
				5AAF8B511E61C9D800F32ACF /* BullsEye.psd in Resources */,
				5AAF8B501E61C9D800F32ACF /* Default-568h@2x.png in Resources */,
				5AAF8B4E1E61C9D800F32ACF /* SmallButton@2x.png in Resources */,
				5AAF8B451E61C9D800F32ACF /* Icon-87.png in Resources */,
				5AAF8B481E61C9D800F32ACF /* Button-Normal@2x.png in Resources */,
				5AAF8B4A1E61C9D800F32ACF /* SliderThumb-Highlighted@2x.png in Resources */,
				5AAF8B4C1E61C9D800F32ACF /* SliderTrackLeft@2x.png in Resources */,
				5AAF8B491E61C9D800F32ACF /* InfoButton@2x.png in Resources */,
				5AAF8B431E61C9D800F32ACF /* Icon-76.png in Resources */,
				5AAF8B3B1E61C9D800F32ACF /* Icon-152.png in Resources */,
				5AAF8B3C1E61C9D800F32ACF /* Icon-167.png in Resources */,
				5AAF8B471E61C9D800F32ACF /* Button-Highlighted@2x.png in Resources */,
				5AAF8B381E61C9D800F32ACF /* BullsEye.html in Resources */,
				5AAF8B0E1E61C9C600F32ACF /* Assets.xcassets in Resources */,
				5AAF8B3A1E61C9D800F32ACF /* Icon-120.png in Resources */,
				5AAF8B3F1E61C9D800F32ACF /* Icon-29.png in Resources */,
				5AAF8B401E61C9D800F32ACF /* Icon-40.png in Resources */,
				5AAF8B3D1E61C9D800F32ACF /* Icon-180.png in Resources */,
				5AAF8B461E61C9D800F32ACF /* Background@2x.png in Resources */,
				5AAF8B3E1E61C9D800F32ACF /* Icon-20.png in Resources */,
				5AAF8B441E61C9D800F32ACF /* Icon-80.png in Resources */,
				5AAF8B521E61C9D800F32ACF /* Icon.psd in Resources */,
				5AAF8B411E61C9D800F32ACF /* Icon-58.png in Resources */,
				5AAF8B421E61C9D800F32ACF /* Icon-60.png in Resources */,
				5AAF8B0C1E61C9C600F32ACF /* Main.storyboard in Resources */,
			);
			runOnlyForDeploymentPostprocessing = 0;
		};
/* End PBXResourcesBuildPhase section */

/* Begin PBXSourcesBuildPhase section */
		5AAF8AFF1E61C9C500F32ACF /* Sources */ = {
			isa = PBXSourcesBuildPhase;
			buildActionMask = 2147483647;
			files = (
				5AAF8B091E61C9C600F32ACF /* ViewController.swift in Sources */,
				5AAF8B071E61C9C600F32ACF /* AppDelegate.swift in Sources */,
			);
			runOnlyForDeploymentPostprocessing = 0;
		};
/* End PBXSourcesBuildPhase section */

/* Begin PBXVariantGroup section */
		5AAF8B0A1E61C9C600F32ACF /* Main.storyboard */ = {
			isa = PBXVariantGroup;
			children = (
				5AAF8B0B1E61C9C600F32ACF /* Base */,
			);
			name = Main.storyboard;
			sourceTree = "<group>";
		};
		5AAF8B0F1E61C9C600F32ACF /* LaunchScreen.storyboard */ = {
			isa = PBXVariantGroup;
			children = (
				5AAF8B101E61C9C600F32ACF /* Base */,
			);
			name = LaunchScreen.storyboard;
			sourceTree = "<group>";
		};
/* End PBXVariantGroup section */

/* Begin XCBuildConfiguration section */
		5AAF8B131E61C9C600F32ACF /* Debug */ = {
			isa = XCBuildConfiguration;
			buildSettings = {
				ALWAYS_SEARCH_USER_PATHS = NO;
				CLANG_ANALYZER_NONNULL = YES;
				CLANG_CXX_LANGUAGE_STANDARD = "gnu++0x";
				CLANG_CXX_LIBRARY = "libc++";
				CLANG_ENABLE_MODULES = YES;
				CLANG_ENABLE_OBJC_ARC = YES;
				CLANG_WARN_BOOL_CONVERSION = YES;
				CLANG_WARN_CONSTANT_CONVERSION = YES;
				CLANG_WARN_DIRECT_OBJC_ISA_USAGE = YES_ERROR;
				CLANG_WARN_DOCUMENTATION_COMMENTS = YES;
				CLANG_WARN_EMPTY_BODY = YES;
				CLANG_WARN_ENUM_CONVERSION = YES;
				CLANG_WARN_INFINITE_RECURSION = YES;
				CLANG_WARN_INT_CONVERSION = YES;
				CLANG_WARN_OBJC_ROOT_CLASS = YES_ERROR;
				CLANG_WARN_SUSPICIOUS_MOVE = YES;
				CLANG_WARN_UNREACHABLE_CODE = YES;
				CLANG_WARN__DUPLICATE_METHOD_MATCH = YES;
				"CODE_SIGN_IDENTITY[sdk=iphoneos*]" = "iPhone Developer";
				COPY_PHASE_STRIP = NO;
				DEBUG_INFORMATION_FORMAT = dwarf;
				ENABLE_STRICT_OBJC_MSGSEND = YES;
				ENABLE_TESTABILITY = YES;
				GCC_C_LANGUAGE_STANDARD = gnu99;
				GCC_DYNAMIC_NO_PIC = NO;
				GCC_NO_COMMON_BLOCKS = YES;
				GCC_OPTIMIZATION_LEVEL = 0;
				GCC_PREPROCESSOR_DEFINITIONS = (
					"DEBUG=1",
					"$(inherited)",
				);
				GCC_WARN_64_TO_32_BIT_CONVERSION = YES;
				GCC_WARN_ABOUT_RETURN_TYPE = YES_ERROR;
				GCC_WARN_UNDECLARED_SELECTOR = YES;
				GCC_WARN_UNINITIALIZED_AUTOS = YES_AGGRESSIVE;
				GCC_WARN_UNUSED_FUNCTION = YES;
				GCC_WARN_UNUSED_VARIABLE = YES;
				IPHONEOS_DEPLOYMENT_TARGET = 10.2;
				MTL_ENABLE_DEBUG_INFO = YES;
				ONLY_ACTIVE_ARCH = YES;
				SDKROOT = iphoneos;
				SWIFT_ACTIVE_COMPILATION_CONDITIONS = DEBUG;
				SWIFT_OPTIMIZATION_LEVEL = "-Onone";
			};
			name = Debug;
		};
		5AAF8B141E61C9C600F32ACF /* Release */ = {
			isa = XCBuildConfiguration;
			buildSettings = {
				ALWAYS_SEARCH_USER_PATHS = NO;
				CLANG_ANALYZER_NONNULL = YES;
				CLANG_CXX_LANGUAGE_STANDARD = "gnu++0x";
				CLANG_CXX_LIBRARY = "libc++";
				CLANG_ENABLE_MODULES = YES;
				CLANG_ENABLE_OBJC_ARC = YES;
				CLANG_WARN_BOOL_CONVERSION = YES;
				CLANG_WARN_CONSTANT_CONVERSION = YES;
				CLANG_WARN_DIRECT_OBJC_ISA_USAGE = YES_ERROR;
				CLANG_WARN_DOCUMENTATION_COMMENTS = YES;
				CLANG_WARN_EMPTY_BODY = YES;
				CLANG_WARN_ENUM_CONVERSION = YES;
				CLANG_WARN_INFINITE_RECURSION = YES;
				CLANG_WARN_INT_CONVERSION = YES;
				CLANG_WARN_OBJC_ROOT_CLASS = YES_ERROR;
				CLANG_WARN_SUSPICIOUS_MOVE = YES;
				CLANG_WARN_UNREACHABLE_CODE = YES;
				CLANG_WARN__DUPLICATE_METHOD_MATCH = YES;
				"CODE_SIGN_IDENTITY[sdk=iphoneos*]" = "iPhone Developer";
				COPY_PHASE_STRIP = NO;
				DEBUG_INFORMATION_FORMAT = "dwarf-with-dsym";
				ENABLE_NS_ASSERTIONS = NO;
				ENABLE_STRICT_OBJC_MSGSEND = YES;
				GCC_C_LANGUAGE_STANDARD = gnu99;
				GCC_NO_COMMON_BLOCKS = YES;
				GCC_WARN_64_TO_32_BIT_CONVERSION = YES;
				GCC_WARN_ABOUT_RETURN_TYPE = YES_ERROR;
				GCC_WARN_UNDECLARED_SELECTOR = YES;
				GCC_WARN_UNINITIALIZED_AUTOS = YES_AGGRESSIVE;
				GCC_WARN_UNUSED_FUNCTION = YES;
				GCC_WARN_UNUSED_VARIABLE = YES;
				IPHONEOS_DEPLOYMENT_TARGET = 10.2;
				MTL_ENABLE_DEBUG_INFO = NO;
				SDKROOT = iphoneos;
				SWIFT_OPTIMIZATION_LEVEL = "-Owholemodule";
				VALIDATE_PRODUCT = YES;
			};
			name = Release;
		};
		5AAF8B161E61C9C600F32ACF /* Debug */ = {
			isa = XCBuildConfiguration;
			buildSettings = {
				ASSETCATALOG_COMPILER_APPICON_NAME = AppIcon;
				DEVELOPMENT_TEAM = L4U489Q2PR;
				INFOPLIST_FILE = BullsEye/Info.plist;
				LD_RUNPATH_SEARCH_PATHS = "$(inherited) @executable_path/Frameworks";
				PRODUCT_BUNDLE_IDENTIFIER = me.noahpatterson.BullsEye;
				PRODUCT_NAME = "$(TARGET_NAME)";
				SWIFT_VERSION = 3.0;
			};
			name = Debug;
		};
		5AAF8B171E61C9C600F32ACF /* Release */ = {
			isa = XCBuildConfiguration;
			buildSettings = {
				ASSETCATALOG_COMPILER_APPICON_NAME = AppIcon;
				DEVELOPMENT_TEAM = L4U489Q2PR;
				INFOPLIST_FILE = BullsEye/Info.plist;
				LD_RUNPATH_SEARCH_PATHS = "$(inherited) @executable_path/Frameworks";
				PRODUCT_BUNDLE_IDENTIFIER = me.noahpatterson.BullsEye;
				PRODUCT_NAME = "$(TARGET_NAME)";
				SWIFT_VERSION = 3.0;
			};
			name = Release;
		};
/* End XCBuildConfiguration section */

/* Begin XCConfigurationList section */
		5AAF8AFE1E61C9C500F32ACF /* Build configuration list for PBXProject "BullsEye" */ = {
			isa = XCConfigurationList;
			buildConfigurations = (
				5AAF8B131E61C9C600F32ACF /* Debug */,
				5AAF8B141E61C9C600F32ACF /* Release */,
			);
			defaultConfigurationIsVisible = 0;
			defaultConfigurationName = Release;
		};
		5AAF8B151E61C9C600F32ACF /* Build configuration list for PBXNativeTarget "BullsEye" */ = {
			isa = XCConfigurationList;
			buildConfigurations = (
				5AAF8B161E61C9C600F32ACF /* Debug */,
				5AAF8B171E61C9C600F32ACF /* Release */,
			);
			defaultConfigurationIsVisible = 0;
		};
/* End XCConfigurationList section */
	};
	rootObject = 5AAF8AFB1E61C9C500F32ACF /* Project object */;
}
